
Microsoft Visual Studio Solution File, Format Version 12.00
# Visual Studio Version 17
VisualStudioVersion = 17.2.32630.192
MinimumVisualStudioVersion = 10.0.40219.1
Project("{9A19103F-16F7-4668-BE54-9A1E7A4F7556}") = "Backend", "Backend\Backend.csproj", "{7D7B5879-B2B0-41A0-8E67-69066D911280}"
EndProject
Project("{9A19103F-16F7-4668-BE54-9A1E7A4F7556}") = "Tests", "Tests\Tests.csproj", "{51FF70D2-86B8-40C3-8076-9337401A6905}"
EndProject
Global
	GlobalSection(SolutionConfigurationPlatforms) = preSolution
		Debug|Any CPU = Debug|Any CPU
		Debug|x86 = Debug|x86
		Release|Any CPU = Release|Any CPU
		Release|x86 = Release|x86
	EndGlobalSection
	GlobalSection(ProjectConfigurationPlatforms) = postSolution
		{7D7B5879-B2B0-41A0-8E67-69066D911280}.Debug|Any CPU.ActiveCfg = Debug|Any CPU
		{7D7B5879-B2B0-41A0-8E67-69066D911280}.Debug|Any CPU.Build.0 = Debug|Any CPU
		{7D7B5879-B2B0-41A0-8E67-69066D911280}.Debug|x86.ActiveCfg = Debug|Any CPU
		{7D7B5879-B2B0-41A0-8E67-69066D911280}.Debug|x86.Build.0 = Debug|Any CPU
		{7D7B5879-B2B0-41A0-8E67-69066D911280}.Release|Any CPU.ActiveCfg = Release|Any CPU
		{7D7B5879-B2B0-41A0-8E67-69066D911280}.Release|Any CPU.Build.0 = Release|Any CPU
		{7D7B5879-B2B0-41A0-8E67-69066D911280}.Release|x86.ActiveCfg = Release|Any CPU
		{51FF70D2-86B8-40C3-8076-9337401A6905}.Debug|Any CPU.ActiveCfg = Debug|Any CPU
		{51FF70D2-86B8-40C3-8076-9337401A6905}.Debug|Any CPU.Build.0 = Debug|Any CPU
		{51FF70D2-86B8-40C3-8076-9337401A6905}.Debug|x86.ActiveCfg = Debug|Any CPU
		{51FF70D2-86B8-40C3-8076-9337401A6905}.Debug|x86.Build.0 = Debug|Any CPU
		{51FF70D2-86B8-40C3-8076-9337401A6905}.Release|Any CPU.ActiveCfg = Release|Any CPU
		{51FF70D2-86B8-40C3-8076-9337401A6905}.Release|Any CPU.Build.0 = Release|Any CPU
		{51FF70D2-86B8-40C3-8076-9337401A6905}.Release|x86.ActiveCfg = Release|Any CPU
		{51FF70D2-86B8-40C3-8076-9337401A6905}.Release|x86.Build.0 = Release|Any CPU
	EndGlobalSection
	GlobalSection(SolutionProperties) = preSolution
		HideSolutionNode = FALSE
	EndGlobalSection
	GlobalSection(ExtensibilityGlobals) = postSolution
		SolutionGuid = {7A988F56-C847-4378-98D3-CCD09EC99ACD}
	EndGlobalSection
EndGlobal
